Microsoft Visual Studio Solution File, Format Version 11.00
# Visual Studio 2008

Project("{6EC6D1B0-487B-9FC1-E12C-917EDA9DFDCE}") = "RisanKing", "Assembly-CSharp-vs.csproj", "{F250E95E-35EC-F01C-D9A4-A6005D242F67}"
EndProject
Project("{6EC6D1B0-487B-9FC1-E12C-917EDA9DFDCE}") = "RisanKing", "Assembly-CSharp-Editor-vs.csproj", "{CD3E57DD-5F01-EDE7-C9A9-DB04E04A0D5A}"
EndProject
Global
	GlobalSection(SolutionConfigurationPlatforms) = preSolution
		Debug|Any CPU = Debug|Any CPU
		Release|Any CPU = Release|Any CPU
	EndGlobalSection
	GlobalSection(ProjectConfigurationPlatforms) = postSolution
		{F250E95E-35EC-F01C-D9A4-A6005D242F67}.Debug|Any CPU.ActiveCfg = Debug|Any CPU
		{F250E95E-35EC-F01C-D9A4-A6005D242F67}.Debug|Any CPU.Build.0 = Debug|Any CPU
		{F250E95E-35EC-F01C-D9A4-A6005D242F67}.Release|Any CPU.ActiveCfg = Release|Any CPU
		{F250E95E-35EC-F01C-D9A4-A6005D242F67}.Release|Any CPU.Build.0 = Release|Any CPU
		{CD3E57DD-5F01-EDE7-C9A9-DB04E04A0D5A}.Debug|Any CPU.ActiveCfg = Debug|Any CPU
		{CD3E57DD-5F01-EDE7-C9A9-DB04E04A0D5A}.Debug|Any CPU.Build.0 = Debug|Any CPU
		{CD3E57DD-5F01-EDE7-C9A9-DB04E04A0D5A}.Release|Any CPU.ActiveCfg = Release|Any CPU
		{CD3E57DD-5F01-EDE7-C9A9-DB04E04A0D5A}.Release|Any CPU.Build.0 = Release|Any CPU
	EndGlobalSection
	GlobalSection(SolutionProperties) = preSolution
		HideSolutionNode = FALSE
	EndGlobalSection
											GlobalSection(MonoDevelopProperties) = preSolution
		StartupItem = Assembly-CSharp.csproj
		Policies = $0
		$0.TextStylePolicy = $1
		$1.inheritsSet = null
		$1.scope = text/x-csharp
		$0.CSharpFormattingPolicy = $2
		$2.inheritsSet = Mono
		$2.inheritsScope = text/x-csharp
		$2.scope = text/x-csharp
		$0.TextStylePolicy = $3
		$3.FileWidth = 120
		$3.TabWidth = 4
		$3.IndentWidth = 4
		$3.EolMarker = Unix
		$3.inheritsSet = Mono
		$3.inheritsScope = text/plain
		$3.scope = text/plain
	EndGlobalSection

EndGlobal
