
Microsoft Visual Studio Solution File, Format Version 12.00
# Visual Studio 2013
Project("{FAE04EC0-301F-11D3-BF4B-00C04F79EFBC}") = "UnityVS.RisanKing.CSharp", "UnityVS.RisanKing.CSharp.csproj", "{954C3954-291A-B4D6-BE7E-114919B6C681}"
EndProject
Project("{FAE04EC0-301F-11D3-BF4B-00C04F79EFBC}") = "UnityVS.RisanKing.CSharp.Editor", "UnityVS.RisanKing.CSharp.Editor.csproj", "{CDC25BFB-0BBD-E031-99EB-7CD0771BB717}"
EndProject
Global
	GlobalSection(SolutionConfigurationPlatforms) = preSolution
		Debug|Any CPU = Debug|Any CPU
		Release|Any CPU = Release|Any CPU
	EndGlobalSection
	GlobalSection(ProjectConfigurationPlatforms) = postSolution
		{954C3954-291A-B4D6-BE7E-114919B6C681}.Debug|Any CPU.ActiveCfg = Debug|Any CPU
		{954C3954-291A-B4D6-BE7E-114919B6C681}.Debug|Any CPU.Build.0 = Debug|Any CPU
		{954C3954-291A-B4D6-BE7E-114919B6C681}.Release|Any CPU.ActiveCfg = Release|Any CPU
		{954C3954-291A-B4D6-BE7E-114919B6C681}.Release|Any CPU.Build.0 = Release|Any CPU
		{CDC25BFB-0BBD-E031-99EB-7CD0771BB717}.Debug|Any CPU.ActiveCfg = Debug|Any CPU
		{CDC25BFB-0BBD-E031-99EB-7CD0771BB717}.Debug|Any CPU.Build.0 = Debug|Any CPU
		{CDC25BFB-0BBD-E031-99EB-7CD0771BB717}.Release|Any CPU.ActiveCfg = Release|Any CPU
		{CDC25BFB-0BBD-E031-99EB-7CD0771BB717}.Release|Any CPU.Build.0 = Release|Any CPU
	EndGlobalSection
	GlobalSection(SolutionProperties) = preSolution
		HideSolutionNode = FALSE
	EndGlobalSection
EndGlobal
